// !$*UTF8*$!
{
	archiveVersion = 1;
	classes = {
	};
	objectVersion = 50;
	objects = {

/* Begin PBXBuildFile section */
		77404E1824DE62DD00F25406 /* Network.swift in Sources */ = {isa = PBXBuildFile; fileRef = 77404E1724DE62DD00F25406 /* Network.swift */; };
		77404E1A24DE62E500F25406 /* NetworkError.swift in Sources */ = {isa = PBXBuildFile; fileRef = 77404E1924DE62E400F25406 /* NetworkError.swift */; };
		77E68488238A83EB00C73A43 /* AppDelegate.swift in Sources */ = {isa = PBXBuildFile; fileRef = 77E68487238A83EB00C73A43 /* AppDelegate.swift */; };
		77E6848A238A83EB00C73A43 /* SceneDelegate.swift in Sources */ = {isa = PBXBuildFile; fileRef = 77E68489238A83EB00C73A43 /* SceneDelegate.swift */; };
		77E6848C238A83EB00C73A43 /* ViewController.swift in Sources */ = {isa = PBXBuildFile; fileRef = 77E6848B238A83EB00C73A43 /* ViewController.swift */; };
		77E6848F238A83EB00C73A43 /* Main.storyboard in Resources */ = {isa = PBXBuildFile; fileRef = 77E6848D238A83EB00C73A43 /* Main.storyboard */; };
		77E68491238A83EF00C73A43 /* Assets.xcassets in Resources */ = {isa = PBXBuildFile; fileRef = 77E68490238A83EF00C73A43 /* Assets.xcassets */; };
		77E68494238A83EF00C73A43 /* LaunchScreen.storyboard in Resources */ = {isa = PBXBuildFile; fileRef = 77E68492238A83EF00C73A43 /* LaunchScreen.storyboard */; };
		77E6849F238A83EF00C73A43 /* MVCDemoTests.swift in Sources */ = {isa = PBXBuildFile; fileRef = 77E6849E238A83EF00C73A43 /* MVCDemoTests.swift */; };
		77E684AA238A83EF00C73A43 /* MVCDemoUITests.swift in Sources */ = {isa = PBXBuildFile; fileRef = 77E684A9238A83EF00C73A43 /* MVCDemoUITests.swift */; };
		77E684B8238A847F00C73A43 /* City.swift in Sources */ = {isa = PBXBuildFile; fileRef = 77E684B7238A847F00C73A43 /* City.swift */; };
		77E684BA238A859400C73A43 /* CityListProvider.swift in Sources */ = {isa = PBXBuildFile; fileRef = 77E684B9238A859400C73A43 /* CityListProvider.swift */; };
		77E684BC238A882300C73A43 /* Helpers.swift in Sources */ = {isa = PBXBuildFile; fileRef = 77E684BB238A882300C73A43 /* Helpers.swift */; };
		77E684BF238A8BEB00C73A43 /* 01-MVC-Diagram.png in Resources */ = {isa = PBXBuildFile; fileRef = 77E684BE238A8BEB00C73A43 /* 01-MVC-Diagram.png */; };
/* End PBXBuildFile section */

/* Begin PBXContainerItemProxy section */
		77E6849B238A83EF00C73A43 /* PBXContainerItemProxy */ = {
			isa = PBXContainerItemProxy;
			containerPortal = 77E6847C238A83EB00C73A43 /* Project object */;
			proxyType = 1;
			remoteGlobalIDString = 77E68483238A83EB00C73A43;
			remoteInfo = MVCDemo;
		};
		77E684A6238A83EF00C73A43 /* PBXContainerItemProxy */ = {
			isa = PBXContainerItemProxy;
			containerPortal = 77E6847C238A83EB00C73A43 /* Project object */;
			proxyType = 1;
			remoteGlobalIDString = 77E68483238A83EB00C73A43;
			remoteInfo = MVCDemo;
		};
/* End PBXContainerItemProxy section */

/* Begin PBXFileReference section */
		77404E1724DE62DD00F25406 /* Network.swift */ = {isa = PBXFileReference; fileEncoding = 4; lastKnownFileType = sourcecode.swift; path = Network.swift; sourceTree = "<group>"; };
		77404E1924DE62E400F25406 /* NetworkError.swift */ = {isa = PBXFileReference; fileEncoding = 4; lastKnownFileType = sourcecode.swift; path = NetworkError.swift; sourceTree = "<group>"; };
		77E68484238A83EB00C73A43 /* MVCDemo.app */ = {isa = PBXFileReference; explicitFileType = wrapper.application; includeInIndex = 0; path = MVCDemo.app; sourceTree = BUILT_PRODUCTS_DIR; };
		77E68487238A83EB00C73A43 /* AppDelegate.swift */ = {isa = PBXFileReference; lastKnownFileType = sourcecode.swift; path = AppDelegate.swift; sourceTree = "<group>"; };
		77E68489238A83EB00C73A43 /* SceneDelegate.swift */ = {isa = PBXFileReference; lastKnownFileType = sourcecode.swift; path = SceneDelegate.swift; sourceTree = "<group>"; };
		77E6848B238A83EB00C73A43 /* ViewController.swift */ = {isa = PBXFileReference; lastKnownFileType = sourcecode.swift; path = ViewController.swift; sourceTree = "<group>"; };
		77E6848E238A83EB00C73A43 /* Base */ = {isa = PBXFileReference; lastKnownFileType = file.storyboard; name = Base; path = Base.lproj/Main.storyboard; sourceTree = "<group>"; };
		77E68490238A83EF00C73A43 /* Assets.xcassets */ = {isa = PBXFileReference; lastKnownFileType = folder.assetcatalog; path = Assets.xcassets; sourceTree = "<group>"; };
		77E68493238A83EF00C73A43 /* Base */ = {isa = PBXFileReference; lastKnownFileType = file.storyboard; name = Base; path = Base.lproj/LaunchScreen.storyboard; sourceTree = "<group>"; };
		77E68495238A83EF00C73A43 /* Info.plist */ = {isa = PBXFileReference; lastKnownFileType = text.plist.xml; path = Info.plist; sourceTree = "<group>"; };
		77E6849A238A83EF00C73A43 /* MVCDemoTests.xctest */ = {isa = PBXFileReference; explicitFileType = wrapper.cfbundle; includeInIndex = 0; path = MVCDemoTests.xctest; sourceTree = BUILT_PRODUCTS_DIR; };
		77E6849E238A83EF00C73A43 /* MVCDemoTests.swift */ = {isa = PBXFileReference; lastKnownFileType = sourcecode.swift; path = MVCDemoTests.swift; sourceTree = "<group>"; };
		77E684A0238A83EF00C73A43 /* Info.plist */ = {isa = PBXFileReference; lastKnownFileType = text.plist.xml; path = Info.plist; sourceTree = "<group>"; };
		77E684A5238A83EF00C73A43 /* MVCDemoUITests.xctest */ = {isa = PBXFileReference; explicitFileType = wrapper.cfbundle; includeInIndex = 0; path = MVCDemoUITests.xctest; sourceTree = BUILT_PRODUCTS_DIR; };
		77E684A9238A83EF00C73A43 /* MVCDemoUITests.swift */ = {isa = PBXFileReference; lastKnownFileType = sourcecode.swift; path = MVCDemoUITests.swift; sourceTree = "<group>"; };
		77E684AB238A83EF00C73A43 /* Info.plist */ = {isa = PBXFileReference; lastKnownFileType = text.plist.xml; path = Info.plist; sourceTree = "<group>"; };
		77E684B7238A847F00C73A43 /* City.swift */ = {isa = PBXFileReference; lastKnownFileType = sourcecode.swift; path = City.swift; sourceTree = "<group>"; };
		77E684B9238A859400C73A43 /* CityListProvider.swift */ = {isa = PBXFileReference; lastKnownFileType = sourcecode.swift; path = CityListProvider.swift; sourceTree = "<group>"; };
		77E684BB238A882300C73A43 /* Helpers.swift */ = {isa = PBXFileReference; lastKnownFileType = sourcecode.swift; path = Helpers.swift; sourceTree = "<group>"; };
		77E684BD238A8B0B00C73A43 /* README.md */ = {isa = PBXFileReference; lastKnownFileType = net.daringfireball.markdown; path = README.md; sourceTree = "<group>"; };
		77E684BE238A8BEB00C73A43 /* 01-MVC-Diagram.png */ = {isa = PBXFileReference; lastKnownFileType = image.png; path = "01-MVC-Diagram.png"; sourceTree = "<group>"; };
/* End PBXFileReference section */

/* Begin PBXFrameworksBuildPhase section */
		77E68481238A83EB00C73A43 /* Frameworks */ = {
			isa = PBXFrameworksBuildPhase;
			buildActionMask = 2147483647;
			files = (
			);
			runOnlyForDeploymentPostprocessing = 0;
		};
		77E68497238A83EF00C73A43 /* Frameworks */ = {
			isa = PBXFrameworksBuildPhase;
			buildActionMask = 2147483647;
			files = (
			);
			runOnlyForDeploymentPostprocessing = 0;
		};
		77E684A2238A83EF00C73A43 /* Frameworks */ = {
			isa = PBXFrameworksBuildPhase;
			buildActionMask = 2147483647;
			files = (
			);
			runOnlyForDeploymentPostprocessing = 0;
		};
/* End PBXFrameworksBuildPhase section */

/* Begin PBXGroup section */
		77E6847B238A83EB00C73A43 = {
			isa = PBXGroup;
			children = (
				77E68486238A83EB00C73A43 /* MVCDemo */,
				77E6849D238A83EF00C73A43 /* MVCDemoTests */,
				77E684A8238A83EF00C73A43 /* MVCDemoUITests */,
				77E68485238A83EB00C73A43 /* Products */,
			);
			sourceTree = "<group>";
		};
		77E68485238A83EB00C73A43 /* Products */ = {
			isa = PBXGroup;
			children = (
				77E68484238A83EB00C73A43 /* MVCDemo.app */,
				77E6849A238A83EF00C73A43 /* MVCDemoTests.xctest */,
				77E684A5238A83EF00C73A43 /* MVCDemoUITests.xctest */,
			);
			name = Products;
			sourceTree = "<group>";
		};
		77E68486238A83EB00C73A43 /* MVCDemo */ = {
			isa = PBXGroup;
			children = (
				77E68487238A83EB00C73A43 /* AppDelegate.swift */,
				77E68489238A83EB00C73A43 /* SceneDelegate.swift */,
				77E684B9238A859400C73A43 /* CityListProvider.swift */,
				77404E1724DE62DD00F25406 /* Network.swift */,
				77404E1924DE62E400F25406 /* NetworkError.swift */,
				77E684BB238A882300C73A43 /* Helpers.swift */,
				77E6848B238A83EB00C73A43 /* ViewController.swift */,
				77E684B7238A847F00C73A43 /* City.swift */,
				77E684BE238A8BEB00C73A43 /* 01-MVC-Diagram.png */,
				77E684BD238A8B0B00C73A43 /* README.md */,
				77E6848D238A83EB00C73A43 /* Main.storyboard */,
				77E68490238A83EF00C73A43 /* Assets.xcassets */,
				77E68492238A83EF00C73A43 /* LaunchScreen.storyboard */,
				77E68495238A83EF00C73A43 /* Info.plist */,
			);
			path = MVCDemo;
			sourceTree = "<group>";
		};
		77E6849D238A83EF00C73A43 /* MVCDemoTests */ = {
			isa = PBXGroup;
			children = (
				77E6849E238A83EF00C73A43 /* MVCDemoTests.swift */,
				77E684A0238A83EF00C73A43 /* Info.plist */,
			);
			path = MVCDemoTests;
			sourceTree = "<group>";
		};
		77E684A8238A83EF00C73A43 /* MVCDemoUITests */ = {
			isa = PBXGroup;
			children = (
				77E684A9238A83EF00C73A43 /* MVCDemoUITests.swift */,
				77E684AB238A83EF00C73A43 /* Info.plist */,
			);
			path = MVCDemoUITests;
			sourceTree = "<group>";
		};
/* End PBXGroup section */

/* Begin PBXNativeTarget section */
		77E68483238A83EB00C73A43 /* MVCDemo */ = {
			isa = PBXNativeTarget;
			buildConfigurationList = 77E684AE238A83EF00C73A43 /* Build configuration list for PBXNativeTarget "MVCDemo" */;
			buildPhases = (
				77E68480238A83EB00C73A43 /* Sources */,
				77E68481238A83EB00C73A43 /* Frameworks */,
				77E68482238A83EB00C73A43 /* Resources */,
			);
			buildRules = (
			);
			dependencies = (
			);
			name = MVCDemo;
			productName = MVCDemo;
			productReference = 77E68484238A83EB00C73A43 /* MVCDemo.app */;
			productType = "com.apple.product-type.application";
		};
		77E68499238A83EF00C73A43 /* MVCDemoTests */ = {
			isa = PBXNativeTarget;
			buildConfigurationList = 77E684B1238A83EF00C73A43 /* Build configuration list for PBXNativeTarget "MVCDemoTests" */;
			buildPhases = (
				77E68496238A83EF00C73A43 /* Sources */,
				77E68497238A83EF00C73A43 /* Frameworks */,
				77E68498238A83EF00C73A43 /* Resources */,
			);
			buildRules = (
			);
			dependencies = (
				77E6849C238A83EF00C73A43 /* PBXTargetDependency */,
			);
			name = MVCDemoTests;
			productName = MVCDemoTests;
			productReference = 77E6849A238A83EF00C73A43 /* MVCDemoTests.xctest */;
			productType = "com.apple.product-type.bundle.unit-test";
		};
		77E684A4238A83EF00C73A43 /* MVCDemoUITests */ = {
			isa = PBXNativeTarget;
			buildConfigurationList = 77E684B4238A83EF00C73A43 /* Build configuration list for PBXNativeTarget "MVCDemoUITests" */;
			buildPhases = (
				77E684A1238A83EF00C73A43 /* Sources */,
				77E684A2238A83EF00C73A43 /* Frameworks */,
				77E684A3238A83EF00C73A43 /* Resources */,
			);
			buildRules = (
			);
			dependencies = (
				77E684A7238A83EF00C73A43 /* PBXTargetDependency */,
			);
			name = MVCDemoUITests;
			productName = MVCDemoUITests;
			productReference = 77E684A5238A83EF00C73A43 /* MVCDemoUITests.xctest */;
			productType = "com.apple.product-type.bundle.ui-testing";
		};
/* End PBXNativeTarget section */

/* Begin PBXProject section */
		77E6847C238A83EB00C73A43 /* Project object */ = {
			isa = PBXProject;
			attributes = {
				LastSwiftUpdateCheck = 1120;
				LastUpgradeCheck = 1120;
				ORGANIZATIONNAME = hackp93;
				TargetAttributes = {
					77E68483238A83EB00C73A43 = {
						CreatedOnToolsVersion = 11.2.1;
					};
					77E68499238A83EF00C73A43 = {
						CreatedOnToolsVersion = 11.2.1;
						TestTargetID = 77E68483238A83EB00C73A43;
					};
					77E684A4238A83EF00C73A43 = {
						CreatedOnToolsVersion = 11.2.1;
						TestTargetID = 77E68483238A83EB00C73A43;
					};
				};
			};
			buildConfigurationList = 77E6847F238A83EB00C73A43 /* Build configuration list for PBXProject "MVCDemo" */;
			compatibilityVersion = "Xcode 9.3";
			developmentRegion = en;
			hasScannedForEncodings = 0;
			knownRegions = (
				en,
				Base,
			);
			mainGroup = 77E6847B238A83EB00C73A43;
			productRefGroup = 77E68485238A83EB00C73A43 /* Products */;
			projectDirPath = "";
			projectRoot = "";
			targets = (
				77E68483238A83EB00C73A43 /* MVCDemo */,
				77E68499238A83EF00C73A43 /* MVCDemoTests */,
				77E684A4238A83EF00C73A43 /* MVCDemoUITests */,
			);
		};
/* End PBXProject section */

/* Begin PBXResourcesBuildPhase section */
		77E68482238A83EB00C73A43 /* Resources */ = {
			isa = PBXResourcesBuildPhase;
			buildActionMask = 2147483647;
			files = (
				77E68494238A83EF00C73A43 /* LaunchScreen.storyboard in Resources */,
				77E68491238A83EF00C73A43 /* Assets.xcassets in Resources */,
				77E6848F238A83EB00C73A43 /* Main.storyboard in Resources */,
				77E684BF238A8BEB00C73A43 /* 01-MVC-Diagram.png in Resources */,
			);
			runOnlyForDeploymentPostprocessing = 0;
		};
		77E68498238A83EF00C73A43 /* Resources */ = {
			isa = PBXResourcesBuildPhase;
			buildActionMask = 2147483647;
			files = (
			);
			runOnlyForDeploymentPostprocessing = 0;
		};
		77E684A3238A83EF00C73A43 /* Resources */ = {
			isa = PBXResourcesBuildPhase;
			buildActionMask = 2147483647;
			files = (
			);
			runOnlyForDeploymentPostprocessing = 0;
		};
/* End PBXResourcesBuildPhase section */

/* Begin PBXSourcesBuildPhase section */
		77E68480238A83EB00C73A43 /* Sources */ = {
			isa = PBXSourcesBuildPhase;
			buildActionMask = 2147483647;
			files = (
				77E684BA238A859400C73A43 /* CityListProvider.swift in Sources */,
				77404E1A24DE62E500F25406 /* NetworkError.swift in Sources */,
				77E684BC238A882300C73A43 /* Helpers.swift in Sources */,
				77E6848C238A83EB00C73A43 /* ViewController.swift in Sources */,
				77E68488238A83EB00C73A43 /* AppDelegate.swift in Sources */,
				77E684B8238A847F00C73A43 /* City.swift in Sources */,
				77404E1824DE62DD00F25406 /* Network.swift in Sources */,
				77E6848A238A83EB00C73A43 /* SceneDelegate.swift in Sources */,
			);
			runOnlyForDeploymentPostprocessing = 0;
		};
		77E68496238A83EF00C73A43 /* Sources */ = {
			isa = PBXSourcesBuildPhase;
			buildActionMask = 2147483647;
			files = (
				77E6849F238A83EF00C73A43 /* MVCDemoTests.swift in Sources */,
			);
			runOnlyForDeploymentPostprocessing = 0;
		};
		77E684A1238A83EF00C73A43 /* Sources */ = {
			isa = PBXSourcesBuildPhase;
			buildActionMask = 2147483647;
			files = (
				77E684AA238A83EF00C73A43 /* MVCDemoUITests.swift in Sources */,
			);
			runOnlyForDeploymentPostprocessing = 0;
		};
/* End PBXSourcesBuildPhase section */

/* Begin PBXTargetDependency section */
		77E6849C238A83EF00C73A43 /* PBXTargetDependency */ = {
			isa = PBXTargetDependency;
			target = 77E68483238A83EB00C73A43 /* MVCDemo */;
			targetProxy = 77E6849B238A83EF00C73A43 /* PBXContainerItemProxy */;
		};
		77E684A7238A83EF00C73A43 /* PBXTargetDependency */ = {
			isa = PBXTargetDependency;
			target = 77E68483238A83EB00C73A43 /* MVCDemo */;
			targetProxy = 77E684A6238A83EF00C73A43 /* PBXContainerItemProxy */;
		};
/* End PBXTargetDependency section */

/* Begin PBXVariantGroup section */
		77E6848D238A83EB00C73A43 /* Main.storyboard */ = {
			isa = PBXVariantGroup;
			children = (
				77E6848E238A83EB00C73A43 /* Base */,
			);
			name = Main.storyboard;
			sourceTree = "<group>";
		};
		77E68492238A83EF00C73A43 /* LaunchScreen.storyboard */ = {
			isa = PBXVariantGroup;
			children = (
				77E68493238A83EF00C73A43 /* Base */,
			);
			name = LaunchScreen.storyboard;
			sourceTree = "<group>";
		};
/* End PBXVariantGroup section */

/* Begin XCBuildConfiguration section */
		77E684AC238A83EF00C73A43 /* Debug */ = {
			isa = XCBuildConfiguration;
			buildSettings = {
				ALWAYS_SEARCH_USER_PATHS = NO;
				CLANG_ANALYZER_NONNULL = YES;
				CLANG_ANALYZER_NUMBER_OBJECT_CONVERSION = YES_AGGRESSIVE;
				CLANG_CXX_LANGUAGE_STANDARD = "gnu++14";
				CLANG_CXX_LIBRARY = "libc++";
				CLANG_ENABLE_MODULES = YES;
				CLANG_ENABLE_OBJC_ARC = YES;
				CLANG_ENABLE_OBJC_WEAK = YES;
				CLANG_WARN_BLOCK_CAPTURE_AUTORELEASING = YES;
				CLANG_WARN_BOOL_CONVERSION = YES;
				CLANG_WARN_COMMA = YES;
				CLANG_WARN_CONSTANT_CONVERSION = YES;
				CLANG_WARN_DEPRECATED_OBJC_IMPLEMENTATIONS = YES;
				CLANG_WARN_DIRECT_OBJC_ISA_USAGE = YES_ERROR;
				CLANG_WARN_DOCUMENTATION_COMMENTS = YES;
				CLANG_WARN_EMPTY_BODY = YES;
				CLANG_WARN_ENUM_CONVERSION = YES;
				CLANG_WARN_INFINITE_RECURSION = YES;
				CLANG_WARN_INT_CONVERSION = YES;
				CLANG_WARN_NON_LITERAL_NULL_CONVERSION = YES;
				CLANG_WARN_OBJC_IMPLICIT_RETAIN_SELF = YES;
				CLANG_WARN_OBJC_LITERAL_CONVERSION = YES;
				CLANG_WARN_OBJC_ROOT_CLASS = YES_ERROR;
				CLANG_WARN_RANGE_LOOP_ANALYSIS = YES;
				CLANG_WARN_STRICT_PROTOTYPES = YES;
				CLANG_WARN_SUSPICIOUS_MOVE = YES;
				CLANG_WARN_UNGUARDED_AVAILABILITY = YES_AGGRESSIVE;
				CLANG_WARN_UNREACHABLE_CODE = YES;
				CLANG_WARN__DUPLICATE_METHOD_MATCH = YES;
				COPY_PHASE_STRIP = NO;
				DEBUG_INFORMATION_FORMAT = dwarf;
				ENABLE_STRICT_OBJC_MSGSEND = YES;
				ENABLE_TESTABILITY = YES;
				GCC_C_LANGUAGE_STANDARD = gnu11;
				GCC_DYNAMIC_NO_PIC = NO;
				GCC_NO_COMMON_BLOCKS = YES;
				GCC_OPTIMIZATION_LEVEL = 0;
				GCC_PREPROCESSOR_DEFINITIONS = (
					"DEBUG=1",
					"$(inherited)",
				);
				GCC_WARN_64_TO_32_BIT_CONVERSION = YES;
				GCC_WARN_ABOUT_RETURN_TYPE = YES_ERROR;
				GCC_WARN_UNDECLARED_SELECTOR = YES;
				GCC_WARN_UNINITIALIZED_AUTOS = YES_AGGRESSIVE;
				GCC_WARN_UNUSED_FUNCTION = YES;
				GCC_WARN_UNUSED_VARIABLE = YES;
				IPHONEOS_DEPLOYMENT_TARGET = 13.2;
				MTL_ENABLE_DEBUG_INFO = INCLUDE_SOURCE;
				MTL_FAST_MATH = YES;
				ONLY_ACTIVE_ARCH = YES;
				SDKROOT = iphoneos;
				SWIFT_ACTIVE_COMPILATION_CONDITIONS = DEBUG;
				SWIFT_OPTIMIZATION_LEVEL = "-Onone";
			};
			name = Debug;
		};
		77E684AD238A83EF00C73A43 /* Release */ = {
			isa = XCBuildConfiguration;
			buildSettings = {
				ALWAYS_SEARCH_USER_PATHS = NO;
				CLANG_ANALYZER_NONNULL = YES;
				CLANG_ANALYZER_NUMBER_OBJECT_CONVERSION = YES_AGGRESSIVE;
				CLANG_CXX_LANGUAGE_STANDARD = "gnu++14";
				CLANG_CXX_LIBRARY = "libc++";
				CLANG_ENABLE_MODULES = YES;
				CLANG_ENABLE_OBJC_ARC = YES;
				CLANG_ENABLE_OBJC_WEAK = YES;
				CLANG_WARN_BLOCK_CAPTURE_AUTORELEASING = YES;
				CLANG_WARN_BOOL_CONVERSION = YES;
				CLANG_WARN_COMMA = YES;
				CLANG_WARN_CONSTANT_CONVERSION = YES;
				CLANG_WARN_DEPRECATED_OBJC_IMPLEMENTATIONS = YES;
				CLANG_WARN_DIRECT_OBJC_ISA_USAGE = YES_ERROR;
				CLANG_WARN_DOCUMENTATION_COMMENTS = YES;
				CLANG_WARN_EMPTY_BODY = YES;
				CLANG_WARN_ENUM_CONVERSION = YES;
				CLANG_WARN_INFINITE_RECURSION = YES;
				CLANG_WARN_INT_CONVERSION = YES;
				CLANG_WARN_NON_LITERAL_NULL_CONVERSION = YES;
				CLANG_WARN_OBJC_IMPLICIT_RETAIN_SELF = YES;
				CLANG_WARN_OBJC_LITERAL_CONVERSION = YES;
				CLANG_WARN_OBJC_ROOT_CLASS = YES_ERROR;
				CLANG_WARN_RANGE_LOOP_ANALYSIS = YES;
				CLANG_WARN_STRICT_PROTOTYPES = YES;
				CLANG_WARN_SUSPICIOUS_MOVE = YES;
				CLANG_WARN_UNGUARDED_AVAILABILITY = YES_AGGRESSIVE;
				CLANG_WARN_UNREACHABLE_CODE = YES;
				CLANG_WARN__DUPLICATE_METHOD_MATCH = YES;
				COPY_PHASE_STRIP = NO;
				DEBUG_INFORMATION_FORMAT = "dwarf-with-dsym";
				ENABLE_NS_ASSERTIONS = NO;
				ENABLE_STRICT_OBJC_MSGSEND = YES;
				GCC_C_LANGUAGE_STANDARD = gnu11;
				GCC_NO_COMMON_BLOCKS = YES;
				GCC_WARN_64_TO_32_BIT_CONVERSION = YES;
				GCC_WARN_ABOUT_RETURN_TYPE = YES_ERROR;
				GCC_WARN_UNDECLARED_SELECTOR = YES;
				GCC_WARN_UNINITIALIZED_AUTOS = YES_AGGRESSIVE;
				GCC_WARN_UNUSED_FUNCTION = YES;
				GCC_WARN_UNUSED_VARIABLE = YES;
				IPHONEOS_DEPLOYMENT_TARGET = 13.2;
				MTL_ENABLE_DEBUG_INFO = NO;
				MTL_FAST_MATH = YES;
				SDKROOT = iphoneos;
				SWIFT_COMPILATION_MODE = wholemodule;
				SWIFT_OPTIMIZATION_LEVEL = "-O";
				VALIDATE_PRODUCT = YES;
			};
			name = Release;
		};
		77E684AF238A83EF00C73A43 /* Debug */ = {
			isa = XCBuildConfiguration;
			buildSettings = {
				ASSETCATALOG_COMPILER_APPICON_NAME = AppIcon;
				CODE_SIGN_STYLE = Automatic;
				DEVELOPMENT_TEAM = 7JBDG9C93S;
				INFOPLIST_FILE = MVCDemo/Info.plist;
				LD_RUNPATH_SEARCH_PATHS = (
					"$(inherited)",
					"@executable_path/Frameworks",
				);
				PRODUCT_BUNDLE_IDENTIFIER = me.hackp93.MVCDemo;
				PRODUCT_NAME = "$(TARGET_NAME)";
				SWIFT_VERSION = 5.0;
				TARGETED_DEVICE_FAMILY = "1,2";
			};
			name = Debug;
		};
		77E684B0238A83EF00C73A43 /* Release */ = {
			isa = XCBuildConfiguration;
			buildSettings = {
				ASSETCATALOG_COMPILER_APPICON_NAME = AppIcon;
				CODE_SIGN_STYLE = Automatic;
				DEVELOPMENT_TEAM = 7JBDG9C93S;
				INFOPLIST_FILE = MVCDemo/Info.plist;
				LD_RUNPATH_SEARCH_PATHS = (
					"$(inherited)",
					"@executable_path/Frameworks",
				);
				PRODUCT_BUNDLE_IDENTIFIER = me.hackp93.MVCDemo;
				PRODUCT_NAME = "$(TARGET_NAME)";
				SWIFT_VERSION = 5.0;
				TARGETED_DEVICE_FAMILY = "1,2";
			};
			name = Release;
		};
		77E684B2238A83EF00C73A43 /* Debug */ = {
			isa = XCBuildConfiguration;
			buildSettings = {
				ALWAYS_EMBED_SWIFT_STANDARD_LIBRARIES = YES;
				BUNDLE_LOADER = "$(TEST_HOST)";
				CODE_SIGN_STYLE = Automatic;
				DEVELOPMENT_TEAM = 7JBDG9C93S;
				INFOPLIST_FILE = MVCDemoTests/Info.plist;
				IPHONEOS_DEPLOYMENT_TARGET = 13.2;
				LD_RUNPATH_SEARCH_PATHS = (
					"$(inherited)",
					"@executable_path/Frameworks",
					"@loader_path/Frameworks",
				);
				PRODUCT_BUNDLE_IDENTIFIER = me.hackp93.MVCDemoTests;
				PRODUCT_NAME = "$(TARGET_NAME)";
				SWIFT_VERSION = 5.0;
				TARGETED_DEVICE_FAMILY = "1,2";
				TEST_HOST = "$(BUILT_PRODUCTS_DIR)/MVCDemo.app/MVCDemo";
			};
			name = Debug;
		};
		77E684B3238A83EF00C73A43 /* Release */ = {
			isa = XCBuildConfiguration;
			buildSettings = {
				ALWAYS_EMBED_SWIFT_STANDARD_LIBRARIES = YES;
				BUNDLE_LOADER = "$(TEST_HOST)";
				CODE_SIGN_STYLE = Automatic;
				DEVELOPMENT_TEAM = 7JBDG9C93S;
				INFOPLIST_FILE = MVCDemoTests/Info.plist;
				IPHONEOS_DEPLOYMENT_TARGET = 13.2;
				LD_RUNPATH_SEARCH_PATHS = (
					"$(inherited)",
					"@executable_path/Frameworks",
					"@loader_path/Frameworks",
				);
				PRODUCT_BUNDLE_IDENTIFIER = me.hackp93.MVCDemoTests;
				PRODUCT_NAME = "$(TARGET_NAME)";
				SWIFT_VERSION = 5.0;
				TARGETED_DEVICE_FAMILY = "1,2";
				TEST_HOST = "$(BUILT_PRODUCTS_DIR)/MVCDemo.app/MVCDemo";
			};
			name = Release;
		};
		77E684B5238A83EF00C73A43 /* Debug */ = {
			isa = XCBuildConfiguration;
			buildSettings = {
				ALWAYS_EMBED_SWIFT_STANDARD_LIBRARIES = YES;
				CODE_SIGN_STYLE = Automatic;
				DEVELOPMENT_TEAM = 7JBDG9C93S;
				INFOPLIST_FILE = MVCDemoUITests/Info.plist;
				LD_RUNPATH_SEARCH_PATHS = (
					"$(inherited)",
					"@executable_path/Frameworks",
					"@loader_path/Frameworks",
				);
				PRODUCT_BUNDLE_IDENTIFIER = me.hackp93.MVCDemoUITests;
				PRODUCT_NAME = "$(TARGET_NAME)";
				SWIFT_VERSION = 5.0;
				TARGETED_DEVICE_FAMILY = "1,2";
				TEST_TARGET_NAME = MVCDemo;
			};
			name = Debug;
		};
		77E684B6238A83EF00C73A43 /* Release */ = {
			isa = XCBuildConfiguration;
			buildSettings = {
				ALWAYS_EMBED_SWIFT_STANDARD_LIBRARIES = YES;
				CODE_SIGN_STYLE = Automatic;
				DEVELOPMENT_TEAM = 7JBDG9C93S;
				INFOPLIST_FILE = MVCDemoUITests/Info.plist;
				LD_RUNPATH_SEARCH_PATHS = (
					"$(inherited)",
					"@executable_path/Frameworks",
					"@loader_path/Frameworks",
				);
				PRODUCT_BUNDLE_IDENTIFIER = me.hackp93.MVCDemoUITests;
				PRODUCT_NAME = "$(TARGET_NAME)";
				SWIFT_VERSION = 5.0;
				TARGETED_DEVICE_FAMILY = "1,2";
				TEST_TARGET_NAME = MVCDemo;
			};
			name = Release;
		};
/* End XCBuildConfiguration section */

/* Begin XCConfigurationList section */
		77E6847F238A83EB00C73A43 /* Build configuration list for PBXProject "MVCDemo" */ = {
			isa = XCConfigurationList;
			buildConfigurations = (
				77E684AC238A83EF00C73A43 /* Debug */,
				77E684AD238A83EF00C73A43 /* Release */,
			);
			defaultConfigurationIsVisible = 0;
			defaultConfigurationName = Release;
		};
		77E684AE238A83EF00C73A43 /* Build configuration list for PBXNativeTarget "MVCDemo" */ = {
			isa = XCConfigurationList;
			buildConfigurations = (
				77E684AF238A83EF00C73A43 /* Debug */,
				77E684B0238A83EF00C73A43 /* Release */,
			);
			defaultConfigurationIsVisible = 0;
			defaultConfigurationName = Release;
		};
		77E684B1238A83EF00C73A43 /* Build configuration list for PBXNativeTarget "MVCDemoTests" */ = {
			isa = XCConfigurationList;
			buildConfigurations = (
				77E684B2238A83EF00C73A43 /* Debug */,
				77E684B3238A83EF00C73A43 /* Release */,
			);
			defaultConfigurationIsVisible = 0;
			defaultConfigurationName = Release;
		};
		77E684B4238A83EF00C73A43 /* Build configuration list for PBXNativeTarget "MVCDemoUITests" */ = {
			isa = XCConfigurationList;
			buildConfigurations = (
				77E684B5238A83EF00C73A43 /* Debug */,
				77E684B6238A83EF00C73A43 /* Release */,
			);
			defaultConfigurationIsVisible = 0;
			defaultConfigurationName = Release;
		};
/* End XCConfigurationList section */
	};
	rootObject = 77E6847C238A83EB00C73A43 /* Project object */;
}
